
Microsoft Visual Studio Solution File, Format Version 12.00
# Visual Studio Version 17
VisualStudioVersion = 17.9.34728.123
MinimumVisualStudioVersion = 10.0.40219.1
Project("{9A19103F-16F7-4668-BE54-9A1E7A4F7556}") = "CarInsuranceBot", "CarInsuranceBot\CarInsuranceBot.csproj", "{DB0D51BF-1E7E-4F91-9E50-421856DDDD8A}"
EndProject
Project("{2150E333-8FDC-42A3-9474-1A3956D46DE8}") = "Элементы решения", "Элементы решения", "{83DB0A13-9F2F-4698-ABB8-DAD719B0C285}"
	ProjectSection(SolutionItems) = preProject
		Documentation.md = Documentation.md
		..\..\..\Downloads\USA_car_title.jpg = ..\..\..\Downloads\USA_car_title.jpg
		..\..\..\Downloads\USA_pass.jpg = ..\..\..\Downloads\USA_pass.jpg
	EndProjectSection
EndProject
Global
	GlobalSection(SolutionConfigurationPlatforms) = preSolution
		Debug|Any CPU = Debug|Any CPU
		Release|Any CPU = Release|Any CPU
	EndGlobalSection
	GlobalSection(ProjectConfigurationPlatforms) = postSolution
		{DB0D51BF-1E7E-4F91-9E50-421856DDDD8A}.Debug|Any CPU.ActiveCfg = Debug|Any CPU
		{DB0D51BF-1E7E-4F91-9E50-421856DDDD8A}.Debug|Any CPU.Build.0 = Debug|Any CPU
		{DB0D51BF-1E7E-4F91-9E50-421856DDDD8A}.Release|Any CPU.ActiveCfg = Release|Any CPU
		{DB0D51BF-1E7E-4F91-9E50-421856DDDD8A}.Release|Any CPU.Build.0 = Release|Any CPU
	EndGlobalSection
	GlobalSection(SolutionProperties) = preSolution
		HideSolutionNode = FALSE
	EndGlobalSection
	GlobalSection(ExtensibilityGlobals) = postSolution
		SolutionGuid = {E5C9B917-F74F-47F6-B12C-C2F9F4F2BC77}
	EndGlobalSection
EndGlobal
